<Solution>
  <Project Path="Algorithms/Algorithms.csproj" />
  <Project Path="Datastructures/Datastructures.csproj" />
  <Project Path="Graphical.ImageSharpRenderer/Graphical.ImageSharpRenderer.csproj" />
  <Project Path="Graphical.Tests/Graphical.Tests.csproj" />
  <Project Path="Graphical/Graphical.csproj" />
  <Project Path="Tests/Tests.csproj" />
</Solution>
